// !$*UTF8*$!
{
	archiveVersion = 1;
	classes = {
	};
	objectVersion = 46;
	objects = {

/* Begin PBXBuildFile section */
		1C448E741C15CC91000A0BFE /* AppDelegate.swift in Sources */ = {isa = PBXBuildFile; fileRef = 1C448E731C15CC91000A0BFE /* AppDelegate.swift */; };
		1C448E761C15CC91000A0BFE /* ViewController.swift in Sources */ = {isa = PBXBuildFile; fileRef = 1C448E751C15CC91000A0BFE /* ViewController.swift */; };
		1C448E791C15CC91000A0BFE /* Main.storyboard in Resources */ = {isa = PBXBuildFile; fileRef = 1C448E771C15CC91000A0BFE /* Main.storyboard */; };
		1C448E7B1C15CC91000A0BFE /* Assets.xcassets in Resources */ = {isa = PBXBuildFile; fileRef = 1C448E7A1C15CC91000A0BFE /* Assets.xcassets */; };
		1C448E7E1C15CC91000A0BFE /* LaunchScreen.storyboard in Resources */ = {isa = PBXBuildFile; fileRef = 1C448E7C1C15CC91000A0BFE /* LaunchScreen.storyboard */; };
		1C448E891C15CC91000A0BFE /* Dance_MarathonTests.swift in Sources */ = {isa = PBXBuildFile; fileRef = 1C448E881C15CC91000A0BFE /* Dance_MarathonTests.swift */; };
		1C448E941C15CC91000A0BFE /* Dance_MarathonUITests.swift in Sources */ = {isa = PBXBuildFile; fileRef = 1C448E931C15CC91000A0BFE /* Dance_MarathonUITests.swift */; };
/* End PBXBuildFile section */

/* Begin PBXContainerItemProxy section */
		1C448E851C15CC91000A0BFE /* PBXContainerItemProxy */ = {
			isa = PBXContainerItemProxy;
			containerPortal = 1C448E681C15CC91000A0BFE /* Project object */;
			proxyType = 1;
			remoteGlobalIDString = 1C448E6F1C15CC91000A0BFE;
			remoteInfo = Dance_Marathon;
		};
		1C448E901C15CC91000A0BFE /* PBXContainerItemProxy */ = {
			isa = PBXContainerItemProxy;
			containerPortal = 1C448E681C15CC91000A0BFE /* Project object */;
			proxyType = 1;
			remoteGlobalIDString = 1C448E6F1C15CC91000A0BFE;
			remoteInfo = Dance_Marathon;
		};
/* End PBXContainerItemProxy section */

/* Begin PBXFileReference section */
		1C448E701C15CC91000A0BFE /* Dance_Marathon.app */ = {isa = PBXFileReference; explicitFileType = wrapper.application; includeInIndex = 0; path = Dance_Marathon.app; sourceTree = BUILT_PRODUCTS_DIR; };
		1C448E731C15CC91000A0BFE /* AppDelegate.swift */ = {isa = PBXFileReference; lastKnownFileType = sourcecode.swift; path = AppDelegate.swift; sourceTree = "<group>"; };
		1C448E751C15CC91000A0BFE /* ViewController.swift */ = {isa = PBXFileReference; lastKnownFileType = sourcecode.swift; path = ViewController.swift; sourceTree = "<group>"; };
		1C448E781C15CC91000A0BFE /* Base */ = {isa = PBXFileReference; lastKnownFileType = file.storyboard; name = Base; path = Base.lproj/Main.storyboard; sourceTree = "<group>"; };
		1C448E7A1C15CC91000A0BFE /* Assets.xcassets */ = {isa = PBXFileReference; lastKnownFileType = folder.assetcatalog; path = Assets.xcassets; sourceTree = "<group>"; };
		1C448E7D1C15CC91000A0BFE /* Base */ = {isa = PBXFileReference; lastKnownFileType = file.storyboard; name = Base; path = Base.lproj/LaunchScreen.storyboard; sourceTree = "<group>"; };
		1C448E7F1C15CC91000A0BFE /* Info.plist */ = {isa = PBXFileReference; lastKnownFileType = text.plist.xml; path = Info.plist; sourceTree = "<group>"; };
		1C448E841C15CC91000A0BFE /* Dance_MarathonTests.xctest */ = {isa = PBXFileReference; explicitFileType = wrapper.cfbundle; includeInIndex = 0; path = Dance_MarathonTests.xctest; sourceTree = BUILT_PRODUCTS_DIR; };
		1C448E881C15CC91000A0BFE /* Dance_MarathonTests.swift */ = {isa = PBXFileReference; lastKnownFileType = sourcecode.swift; path = Dance_MarathonTests.swift; sourceTree = "<group>"; };
		1C448E8A1C15CC91000A0BFE /* Info.plist */ = {isa = PBXFileReference; lastKnownFileType = text.plist.xml; path = Info.plist; sourceTree = "<group>"; };
		1C448E8F1C15CC91000A0BFE /* Dance_MarathonUITests.xctest */ = {isa = PBXFileReference; explicitFileType = wrapper.cfbundle; includeInIndex = 0; path = Dance_MarathonUITests.xctest; sourceTree = BUILT_PRODUCTS_DIR; };
		1C448E931C15CC91000A0BFE /* Dance_MarathonUITests.swift */ = {isa = PBXFileReference; lastKnownFileType = sourcecode.swift; path = Dance_MarathonUITests.swift; sourceTree = "<group>"; };
		1C448E951C15CC91000A0BFE /* Info.plist */ = {isa = PBXFileReference; lastKnownFileType = text.plist.xml; path = Info.plist; sourceTree = "<group>"; };
/* End PBXFileReference section */

/* Begin PBXFrameworksBuildPhase section */
		1C448E6D1C15CC91000A0BFE /* Frameworks */ = {
			isa = PBXFrameworksBuildPhase;
			buildActionMask = 2147483647;
			files = (
			);
			runOnlyForDeploymentPostprocessing = 0;
		};
		1C448E811C15CC91000A0BFE /* Frameworks */ = {
			isa = PBXFrameworksBuildPhase;
			buildActionMask = 2147483647;
			files = (
			);
			runOnlyForDeploymentPostprocessing = 0;
		};
		1C448E8C1C15CC91000A0BFE /* Frameworks */ = {
			isa = PBXFrameworksBuildPhase;
			buildActionMask = 2147483647;
			files = (
			);
			runOnlyForDeploymentPostprocessing = 0;
		};
/* End PBXFrameworksBuildPhase section */

/* Begin PBXGroup section */
		1C448E671C15CC91000A0BFE = {
			isa = PBXGroup;
			children = (
				1C448E721C15CC91000A0BFE /* Dance_Marathon */,
				1C448E871C15CC91000A0BFE /* Dance_MarathonTests */,
				1C448E921C15CC91000A0BFE /* Dance_MarathonUITests */,
				1C448E711C15CC91000A0BFE /* Products */,
			);
			sourceTree = "<group>";
		};
		1C448E711C15CC91000A0BFE /* Products */ = {
			isa = PBXGroup;
			children = (
				1C448E701C15CC91000A0BFE /* Dance_Marathon.app */,
				1C448E841C15CC91000A0BFE /* Dance_MarathonTests.xctest */,
				1C448E8F1C15CC91000A0BFE /* Dance_MarathonUITests.xctest */,
			);
			name = Products;
			sourceTree = "<group>";
		};
		1C448E721C15CC91000A0BFE /* Dance_Marathon */ = {
			isa = PBXGroup;
			children = (
				1C448E731C15CC91000A0BFE /* AppDelegate.swift */,
				1C448E751C15CC91000A0BFE /* ViewController.swift */,
				1C448E771C15CC91000A0BFE /* Main.storyboard */,
				1C448E7A1C15CC91000A0BFE /* Assets.xcassets */,
				1C448E7C1C15CC91000A0BFE /* LaunchScreen.storyboard */,
				1C448E7F1C15CC91000A0BFE /* Info.plist */,
			);
			path = Dance_Marathon;
			sourceTree = "<group>";
		};
		1C448E871C15CC91000A0BFE /* Dance_MarathonTests */ = {
			isa = PBXGroup;
			children = (
				1C448E881C15CC91000A0BFE /* Dance_MarathonTests.swift */,
				1C448E8A1C15CC91000A0BFE /* Info.plist */,
			);
			path = Dance_MarathonTests;
			sourceTree = "<group>";
		};
		1C448E921C15CC91000A0BFE /* Dance_MarathonUITests */ = {
			isa = PBXGroup;
			children = (
				1C448E931C15CC91000A0BFE /* Dance_MarathonUITests.swift */,
				1C448E951C15CC91000A0BFE /* Info.plist */,
			);
			path = Dance_MarathonUITests;
			sourceTree = "<group>";
		};
/* End PBXGroup section */

/* Begin PBXNativeTarget section */
		1C448E6F1C15CC91000A0BFE /* Dance_Marathon */ = {
			isa = PBXNativeTarget;
			buildConfigurationList = 1C448E981C15CC91000A0BFE /* Build configuration list for PBXNativeTarget "Dance_Marathon" */;
			buildPhases = (
				1C448E6C1C15CC91000A0BFE /* Sources */,
				1C448E6D1C15CC91000A0BFE /* Frameworks */,
				1C448E6E1C15CC91000A0BFE /* Resources */,
			);
			buildRules = (
			);
			dependencies = (
			);
			name = Dance_Marathon;
			productName = Dance_Marathon;
			productReference = 1C448E701C15CC91000A0BFE /* Dance_Marathon.app */;
			productType = "com.apple.product-type.application";
		};
		1C448E831C15CC91000A0BFE /* Dance_MarathonTests */ = {
			isa = PBXNativeTarget;
			buildConfigurationList = 1C448E9B1C15CC91000A0BFE /* Build configuration list for PBXNativeTarget "Dance_MarathonTests" */;
			buildPhases = (
				1C448E801C15CC91000A0BFE /* Sources */,
				1C448E811C15CC91000A0BFE /* Frameworks */,
				1C448E821C15CC91000A0BFE /* Resources */,
			);
			buildRules = (
			);
			dependencies = (
				1C448E861C15CC91000A0BFE /* PBXTargetDependency */,
			);
			name = Dance_MarathonTests;
			productName = Dance_MarathonTests;
			productReference = 1C448E841C15CC91000A0BFE /* Dance_MarathonTests.xctest */;
			productType = "com.apple.product-type.bundle.unit-test";
		};
		1C448E8E1C15CC91000A0BFE /* Dance_MarathonUITests */ = {
			isa = PBXNativeTarget;
			buildConfigurationList = 1C448E9E1C15CC91000A0BFE /* Build configuration list for PBXNativeTarget "Dance_MarathonUITests" */;
			buildPhases = (
				1C448E8B1C15CC91000A0BFE /* Sources */,
				1C448E8C1C15CC91000A0BFE /* Frameworks */,
				1C448E8D1C15CC91000A0BFE /* Resources */,
			);
			buildRules = (
			);
			dependencies = (
				1C448E911C15CC91000A0BFE /* PBXTargetDependency */,
			);
			name = Dance_MarathonUITests;
			productName = Dance_MarathonUITests;
			productReference = 1C448E8F1C15CC91000A0BFE /* Dance_MarathonUITests.xctest */;
			productType = "com.apple.product-type.bundle.ui-testing";
		};
/* End PBXNativeTarget section */

/* Begin PBXProject section */
		1C448E681C15CC91000A0BFE /* Project object */ = {
			isa = PBXProject;
			attributes = {
				LastSwiftUpdateCheck = 0710;
				LastUpgradeCheck = 0710;
				ORGANIZATIONNAME = "Danish Arsalan";
				TargetAttributes = {
					1C448E6F1C15CC91000A0BFE = {
						CreatedOnToolsVersion = 7.1.1;
					};
					1C448E831C15CC91000A0BFE = {
						CreatedOnToolsVersion = 7.1.1;
						TestTargetID = 1C448E6F1C15CC91000A0BFE;
					};
					1C448E8E1C15CC91000A0BFE = {
						CreatedOnToolsVersion = 7.1.1;
						TestTargetID = 1C448E6F1C15CC91000A0BFE;
					};
				};
			};
			buildConfigurationList = 1C448E6B1C15CC91000A0BFE /* Build configuration list for PBXProject "Dance_Marathon" */;
			compatibilityVersion = "Xcode 3.2";
			developmentRegion = English;
			hasScannedForEncodings = 0;
			knownRegions = (
				en,
				Base,
			);
			mainGroup = 1C448E671C15CC91000A0BFE;
			productRefGroup = 1C448E711C15CC91000A0BFE /* Products */;
			projectDirPath = "";
			projectRoot = "";
			targets = (
				1C448E6F1C15CC91000A0BFE /* Dance_Marathon */,
				1C448E831C15CC91000A0BFE /* Dance_MarathonTests */,
				1C448E8E1C15CC91000A0BFE /* Dance_MarathonUITests */,
			);
		};
/* End PBXProject section */

/* Begin PBXResourcesBuildPhase section */
		1C448E6E1C15CC91000A0BFE /* Resources */ = {
			isa = PBXResourcesBuildPhase;
			buildActionMask = 2147483647;
			files = (
				1C448E7E1C15CC91000A0BFE /* LaunchScreen.storyboard in Resources */,
				1C448E7B1C15CC91000A0BFE /* Assets.xcassets in Resources */,
				1C448E791C15CC91000A0BFE /* Main.storyboard in Resources */,
			);
			runOnlyForDeploymentPostprocessing = 0;
		};
		1C448E821C15CC91000A0BFE /* Resources */ = {
			isa = PBXResourcesBuildPhase;
			buildActionMask = 2147483647;
			files = (
			);
			runOnlyForDeploymentPostprocessing = 0;
		};
		1C448E8D1C15CC91000A0BFE /* Resources */ = {
			isa = PBXResourcesBuildPhase;
			buildActionMask = 2147483647;
			files = (
			);
			runOnlyForDeploymentPostprocessing = 0;
		};
/* End PBXResourcesBuildPhase section */

/* Begin PBXSourcesBuildPhase section */
		1C448E6C1C15CC91000A0BFE /* Sources */ = {
			isa = PBXSourcesBuildPhase;
			buildActionMask = 2147483647;
			files = (
				1C448E761C15CC91000A0BFE /* ViewController.swift in Sources */,
				1C448E741C15CC91000A0BFE /* AppDelegate.swift in Sources */,
			);
			runOnlyForDeploymentPostprocessing = 0;
		};
		1C448E801C15CC91000A0BFE /* Sources */ = {
			isa = PBXSourcesBuildPhase;
			buildActionMask = 2147483647;
			files = (
				1C448E891C15CC91000A0BFE /* Dance_MarathonTests.swift in Sources */,
			);
			runOnlyForDeploymentPostprocessing = 0;
		};
		1C448E8B1C15CC91000A0BFE /* Sources */ = {
			isa = PBXSourcesBuildPhase;
			buildActionMask = 2147483647;
			files = (
				1C448E941C15CC91000A0BFE /* Dance_MarathonUITests.swift in Sources */,
			);
			runOnlyForDeploymentPostprocessing = 0;
		};
/* End PBXSourcesBuildPhase section */

/* Begin PBXTargetDependency section */
		1C448E861C15CC91000A0BFE /* PBXTargetDependency */ = {
			isa = PBXTargetDependency;
			target = 1C448E6F1C15CC91000A0BFE /* Dance_Marathon */;
			targetProxy = 1C448E851C15CC91000A0BFE /* PBXContainerItemProxy */;
		};
		1C448E911C15CC91000A0BFE /* PBXTargetDependency */ = {
			isa = PBXTargetDependency;
			target = 1C448E6F1C15CC91000A0BFE /* Dance_Marathon */;
			targetProxy = 1C448E901C15CC91000A0BFE /* PBXContainerItemProxy */;
		};
/* End PBXTargetDependency section */

/* Begin PBXVariantGroup section */
		1C448E771C15CC91000A0BFE /* Main.storyboard */ = {
			isa = PBXVariantGroup;
			children = (
				1C448E781C15CC91000A0BFE /* Base */,
			);
			name = Main.storyboard;
			sourceTree = "<group>";
		};
		1C448E7C1C15CC91000A0BFE /* LaunchScreen.storyboard */ = {
			isa = PBXVariantGroup;
			children = (
				1C448E7D1C15CC91000A0BFE /* Base */,
			);
			name = LaunchScreen.storyboard;
			sourceTree = "<group>";
		};
/* End PBXVariantGroup section */

/* Begin XCBuildConfiguration section */
		1C448E961C15CC91000A0BFE /* Debug */ = {
			isa = XCBuildConfiguration;
			buildSettings = {
				ALWAYS_SEARCH_USER_PATHS = NO;
				CLANG_CXX_LANGUAGE_STANDARD = "gnu++0x";
				CLANG_CXX_LIBRARY = "libc++";
				CLANG_ENABLE_MODULES = YES;
				CLANG_ENABLE_OBJC_ARC = YES;
				CLANG_WARN_BOOL_CONVERSION = YES;
				CLANG_WARN_CONSTANT_CONVERSION = YES;
				CLANG_WARN_DIRECT_OBJC_ISA_USAGE = YES_ERROR;
				CLANG_WARN_EMPTY_BODY = YES;
				CLANG_WARN_ENUM_CONVERSION = YES;
				CLANG_WARN_INT_CONVERSION = YES;
				CLANG_WARN_OBJC_ROOT_CLASS = YES_ERROR;
				CLANG_WARN_UNREACHABLE_CODE = YES;
				CLANG_WARN__DUPLICATE_METHOD_MATCH = YES;
				"CODE_SIGN_IDENTITY[sdk=iphoneos*]" = "iPhone Developer";
				COPY_PHASE_STRIP = NO;
				DEBUG_INFORMATION_FORMAT = dwarf;
				ENABLE_STRICT_OBJC_MSGSEND = YES;
				ENABLE_TESTABILITY = YES;
				GCC_C_LANGUAGE_STANDARD = gnu99;
				GCC_DYNAMIC_NO_PIC = NO;
				GCC_NO_COMMON_BLOCKS = YES;
				GCC_OPTIMIZATION_LEVEL = 0;
				GCC_PREPROCESSOR_DEFINITIONS = (
					"DEBUG=1",
					"$(inherited)",
				);
				GCC_WARN_64_TO_32_BIT_CONVERSION = YES;
				GCC_WARN_ABOUT_RETURN_TYPE = YES_ERROR;
				GCC_WARN_UNDECLARED_SELECTOR = YES;
				GCC_WARN_UNINITIALIZED_AUTOS = YES_AGGRESSIVE;
				GCC_WARN_UNUSED_FUNCTION = YES;
				GCC_WARN_UNUSED_VARIABLE = YES;
				IPHONEOS_DEPLOYMENT_TARGET = 9.1;
				MTL_ENABLE_DEBUG_INFO = YES;
				ONLY_ACTIVE_ARCH = YES;
				SDKROOT = iphoneos;
				SWIFT_OPTIMIZATION_LEVEL = "-Onone";
			};
			name = Debug;
		};
		1C448E971C15CC91000A0BFE /* Release */ = {
			isa = XCBuildConfiguration;
			buildSettings = {
				ALWAYS_SEARCH_USER_PATHS = NO;
				CLANG_CXX_LANGUAGE_STANDARD = "gnu++0x";
				CLANG_CXX_LIBRARY = "libc++";
				CLANG_ENABLE_MODULES = YES;
				CLANG_ENABLE_OBJC_ARC = YES;
				CLANG_WARN_BOOL_CONVERSION = YES;
				CLANG_WARN_CONSTANT_CONVERSION = YES;
				CLANG_WARN_DIRECT_OBJC_ISA_USAGE = YES_ERROR;
				CLANG_WARN_EMPTY_BODY = YES;
				CLANG_WARN_ENUM_CONVERSION = YES;
				CLANG_WARN_INT_CONVERSION = YES;
				CLANG_WARN_OBJC_ROOT_CLASS = YES_ERROR;
				CLANG_WARN_UNREACHABLE_CODE = YES;
				CLANG_WARN__DUPLICATE_METHOD_MATCH = YES;
				"CODE_SIGN_IDENTITY[sdk=iphoneos*]" = "iPhone Developer";
				COPY_PHASE_STRIP = NO;
				DEBUG_INFORMATION_FORMAT = "dwarf-with-dsym";
				ENABLE_NS_ASSERTIONS = NO;
				ENABLE_STRICT_OBJC_MSGSEND = YES;
				GCC_C_LANGUAGE_STANDARD = gnu99;
				GCC_NO_COMMON_BLOCKS = YES;
				GCC_WARN_64_TO_32_BIT_CONVERSION = YES;
				GCC_WARN_ABOUT_RETURN_TYPE = YES_ERROR;
				GCC_WARN_UNDECLARED_SELECTOR = YES;
				GCC_WARN_UNINITIALIZED_AUTOS = YES_AGGRESSIVE;
				GCC_WARN_UNUSED_FUNCTION = YES;
				GCC_WARN_UNUSED_VARIABLE = YES;
				IPHONEOS_DEPLOYMENT_TARGET = 9.1;
				MTL_ENABLE_DEBUG_INFO = NO;
				SDKROOT = iphoneos;
				VALIDATE_PRODUCT = YES;
			};
			name = Release;
		};
		1C448E991C15CC91000A0BFE /* Debug */ = {
			isa = XCBuildConfiguration;
			buildSettings = {
				ASSETCATALOG_COMPILER_APPICON_NAME = AppIcon;
				INFOPLIST_FILE = Dance_Marathon/Info.plist;
				LD_RUNPATH_SEARCH_PATHS = "$(inherited) @executable_path/Frameworks";
				PRODUCT_BUNDLE_IDENTIFIER = "com.DanishArsalan.Dance-Marathon";
				PRODUCT_NAME = "$(TARGET_NAME)";
			};
			name = Debug;
		};
		1C448E9A1C15CC91000A0BFE /* Release */ = {
			isa = XCBuildConfiguration;
			buildSettings = {
				ASSETCATALOG_COMPILER_APPICON_NAME = AppIcon;
				INFOPLIST_FILE = Dance_Marathon/Info.plist;
				LD_RUNPATH_SEARCH_PATHS = "$(inherited) @executable_path/Frameworks";
				PRODUCT_BUNDLE_IDENTIFIER = "com.DanishArsalan.Dance-Marathon";
				PRODUCT_NAME = "$(TARGET_NAME)";
			};
			name = Release;
		};
		1C448E9C1C15CC91000A0BFE /* Debug */ = {
			isa = XCBuildConfiguration;
			buildSettings = {
				BUNDLE_LOADER = "$(TEST_HOST)";
				INFOPLIST_FILE = Dance_MarathonTests/Info.plist;
				LD_RUNPATH_SEARCH_PATHS = "$(inherited) @executable_path/Frameworks @loader_path/Frameworks";
				PRODUCT_BUNDLE_IDENTIFIER = "com.DanishArsalan.Dance-MarathonTests";
				PRODUCT_NAME = "$(TARGET_NAME)";
				TEST_HOST = "$(BUILT_PRODUCTS_DIR)/Dance_Marathon.app/Dance_Marathon";
			};
			name = Debug;
		};
		1C448E9D1C15CC91000A0BFE /* Release */ = {
			isa = XCBuildConfiguration;
			buildSettings = {
				BUNDLE_LOADER = "$(TEST_HOST)";
				INFOPLIST_FILE = Dance_MarathonTests/Info.plist;
				LD_RUNPATH_SEARCH_PATHS = "$(inherited) @executable_path/Frameworks @loader_path/Frameworks";
				PRODUCT_BUNDLE_IDENTIFIER = "com.DanishArsalan.Dance-MarathonTests";
				PRODUCT_NAME = "$(TARGET_NAME)";
				TEST_HOST = "$(BUILT_PRODUCTS_DIR)/Dance_Marathon.app/Dance_Marathon";
			};
			name = Release;
		};
		1C448E9F1C15CC91000A0BFE /* Debug */ = {
			isa = XCBuildConfiguration;
			buildSettings = {
				INFOPLIST_FILE = Dance_MarathonUITests/Info.plist;
				LD_RUNPATH_SEARCH_PATHS = "$(inherited) @executable_path/Frameworks @loader_path/Frameworks";
				PRODUCT_BUNDLE_IDENTIFIER = "com.DanishArsalan.Dance-MarathonUITests";
				PRODUCT_NAME = "$(TARGET_NAME)";
				TEST_TARGET_NAME = Dance_Marathon;
				USES_XCTRUNNER = YES;
			};
			name = Debug;
		};
		1C448EA01C15CC91000A0BFE /* Release */ = {
			isa = XCBuildConfiguration;
			buildSettings = {
				INFOPLIST_FILE = Dance_MarathonUITests/Info.plist;
				LD_RUNPATH_SEARCH_PATHS = "$(inherited) @executable_path/Frameworks @loader_path/Frameworks";
				PRODUCT_BUNDLE_IDENTIFIER = "com.DanishArsalan.Dance-MarathonUITests";
				PRODUCT_NAME = "$(TARGET_NAME)";
				TEST_TARGET_NAME = Dance_Marathon;
				USES_XCTRUNNER = YES;
			};
			name = Release;
		};
/* End XCBuildConfiguration section */

/* Begin XCConfigurationList section */
		1C448E6B1C15CC91000A0BFE /* Build configuration list for PBXProject "Dance_Marathon" */ = {
			isa = XCConfigurationList;
			buildConfigurations = (
				1C448E961C15CC91000A0BFE /* Debug */,
				1C448E971C15CC91000A0BFE /* Release */,
			);
			defaultConfigurationIsVisible = 0;
			defaultConfigurationName = Release;
		};
		1C448E981C15CC91000A0BFE /* Build configuration list for PBXNativeTarget "Dance_Marathon" */ = {
			isa = XCConfigurationList;
			buildConfigurations = (
				1C448E991C15CC91000A0BFE /* Debug */,
				1C448E9A1C15CC91000A0BFE /* Release */,
			);
			defaultConfigurationIsVisible = 0;
		};
		1C448E9B1C15CC91000A0BFE /* Build configuration list for PBXNativeTarget "Dance_MarathonTests" */ = {
			isa = XCConfigurationList;
			buildConfigurations = (
				1C448E9C1C15CC91000A0BFE /* Debug */,
				1C448E9D1C15CC91000A0BFE /* Release */,
			);
			defaultConfigurationIsVisible = 0;
		};
		1C448E9E1C15CC91000A0BFE /* Build configuration list for PBXNativeTarget "Dance_MarathonUITests" */ = {
			isa = XCConfigurationList;
			buildConfigurations = (
				1C448E9F1C15CC91000A0BFE /* Debug */,
				1C448EA01C15CC91000A0BFE /* Release */,
			);
			defaultConfigurationIsVisible = 0;
		};
/* End XCConfigurationList section */
	};
	rootObject = 1C448E681C15CC91000A0BFE /* Project object */;
}
